
Microsoft Visual Studio Solution File, Format Version 12.00
# Visual Studio Version 16
VisualStudioVersion = 16.0.31205.134
MinimumVisualStudioVersion = 10.0.40219.1
Project("{FAE04EC0-301F-11D3-BF4B-00C04F79EFBC}") = "Aula06", "Aula06\Aula06.csproj", "{AAFF98FD-620E-411C-AC2A-9948A07AB0BE}"
EndProject
Global
	GlobalSection(SolutionConfigurationPlatforms) = preSolution
		Debug|Any CPU = Debug|Any CPU
		Release|Any CPU = Release|Any CPU
	EndGlobalSection
	GlobalSection(ProjectConfigurationPlatforms) = postSolution
		{AAFF98FD-620E-411C-AC2A-9948A07AB0BE}.Debug|Any CPU.ActiveCfg = Debug|Any CPU
		{AAFF98FD-620E-411C-AC2A-9948A07AB0BE}.Debug|Any CPU.Build.0 = Debug|Any CPU
		{AAFF98FD-620E-411C-AC2A-9948A07AB0BE}.Release|Any CPU.ActiveCfg = Release|Any CPU
		{AAFF98FD-620E-411C-AC2A-9948A07AB0BE}.Release|Any CPU.Build.0 = Release|Any CPU
	EndGlobalSection
	GlobalSection(SolutionProperties) = preSolution
		HideSolutionNode = FALSE
	EndGlobalSection
	GlobalSection(ExtensibilityGlobals) = postSolution
		SolutionGuid = {3DC69BC9-2888-46AF-843C-BB1C1285386C}
	EndGlobalSection
EndGlobal
