
Microsoft Visual Studio Solution File, Format Version 12.00
# Visual Studio Version 16
VisualStudioVersion = 16.0.31205.134
MinimumVisualStudioVersion = 10.0.40219.1
Project("{9A19103F-16F7-4668-BE54-9A1E7A4F7556}") = "Aula14Crud", "Aula14\Aula14Crud.csproj", "{298BF70C-AF62-4E17-855C-9BB1E5BED50E}"
EndProject
Project("{2150E333-8FDC-42A3-9474-1A3956D46DE8}") = "01 - Presentation", "01 - Presentation", "{C3DFB916-D68B-4F65-AC7A-B87C5F1157DD}"
EndProject
Project("{2150E333-8FDC-42A3-9474-1A3956D46DE8}") = "03 - Infrastructure", "03 - Infrastructure", "{80D1854B-3E78-4FA8-9276-C1B18182601C}"
EndProject
Project("{9A19103F-16F7-4668-BE54-9A1E7A4F7556}") = "Infrastructure.Data", "Infrastructure.Data\Infrastructure.Data.csproj", "{F348682D-4AE7-4145-B89A-F1230C5083ED}"
EndProject
Global
	GlobalSection(SolutionConfigurationPlatforms) = preSolution
		Debug|Any CPU = Debug|Any CPU
		Release|Any CPU = Release|Any CPU
	EndGlobalSection
	GlobalSection(ProjectConfigurationPlatforms) = postSolution
		{298BF70C-AF62-4E17-855C-9BB1E5BED50E}.Debug|Any CPU.ActiveCfg = Debug|Any CPU
		{298BF70C-AF62-4E17-855C-9BB1E5BED50E}.Debug|Any CPU.Build.0 = Debug|Any CPU
		{298BF70C-AF62-4E17-855C-9BB1E5BED50E}.Release|Any CPU.ActiveCfg = Release|Any CPU
		{298BF70C-AF62-4E17-855C-9BB1E5BED50E}.Release|Any CPU.Build.0 = Release|Any CPU
		{F348682D-4AE7-4145-B89A-F1230C5083ED}.Debug|Any CPU.ActiveCfg = Debug|Any CPU
		{F348682D-4AE7-4145-B89A-F1230C5083ED}.Debug|Any CPU.Build.0 = Debug|Any CPU
		{F348682D-4AE7-4145-B89A-F1230C5083ED}.Release|Any CPU.ActiveCfg = Release|Any CPU
		{F348682D-4AE7-4145-B89A-F1230C5083ED}.Release|Any CPU.Build.0 = Release|Any CPU
	EndGlobalSection
	GlobalSection(SolutionProperties) = preSolution
		HideSolutionNode = FALSE
	EndGlobalSection
	GlobalSection(NestedProjects) = preSolution
		{298BF70C-AF62-4E17-855C-9BB1E5BED50E} = {C3DFB916-D68B-4F65-AC7A-B87C5F1157DD}
		{F348682D-4AE7-4145-B89A-F1230C5083ED} = {80D1854B-3E78-4FA8-9276-C1B18182601C}
	EndGlobalSection
	GlobalSection(ExtensibilityGlobals) = postSolution
		SolutionGuid = {C452935D-FB2B-48D7-9A15-5F1E8E346F92}
	EndGlobalSection
EndGlobal
